
Microsoft Visual Studio Solution File, Format Version 12.00
# Visual Studio Version 17
VisualStudioVersion = 17.0.32014.148
MinimumVisualStudioVersion = 10.0.40219.1
Project("{9A19103F-16F7-4668-BE54-9A1E7A4F7556}") = "ApiRest", "ApiRest\ApiRest.csproj", "{9FA19932-702A-4EE6-89CB-6D0491D8670B}"
EndProject
Project("{9A19103F-16F7-4668-BE54-9A1E7A4F7556}") = "Core", "Core\Core.csproj", "{871B8641-11DA-4EDE-A64B-C41BE588C03E}"
EndProject
Project("{9A19103F-16F7-4668-BE54-9A1E7A4F7556}") = "Infraestructura", "Infraestructura\Infraestructura.csproj", "{7BF56337-3753-4EE2-A08B-27599BAA104E}"
EndProject
Global
	GlobalSection(SolutionConfigurationPlatforms) = preSolution
		Debug|Any CPU = Debug|Any CPU
		Release|Any CPU = Release|Any CPU
	EndGlobalSection
	GlobalSection(ProjectConfigurationPlatforms) = postSolution
		{9FA19932-702A-4EE6-89CB-6D0491D8670B}.Debug|Any CPU.ActiveCfg = Debug|Any CPU
		{9FA19932-702A-4EE6-89CB-6D0491D8670B}.Debug|Any CPU.Build.0 = Debug|Any CPU
		{9FA19932-702A-4EE6-89CB-6D0491D8670B}.Release|Any CPU.ActiveCfg = Release|Any CPU
		{9FA19932-702A-4EE6-89CB-6D0491D8670B}.Release|Any CPU.Build.0 = Release|Any CPU
		{871B8641-11DA-4EDE-A64B-C41BE588C03E}.Debug|Any CPU.ActiveCfg = Debug|Any CPU
		{871B8641-11DA-4EDE-A64B-C41BE588C03E}.Debug|Any CPU.Build.0 = Debug|Any CPU
		{871B8641-11DA-4EDE-A64B-C41BE588C03E}.Release|Any CPU.ActiveCfg = Release|Any CPU
		{871B8641-11DA-4EDE-A64B-C41BE588C03E}.Release|Any CPU.Build.0 = Release|Any CPU
		{7BF56337-3753-4EE2-A08B-27599BAA104E}.Debug|Any CPU.ActiveCfg = Debug|Any CPU
		{7BF56337-3753-4EE2-A08B-27599BAA104E}.Debug|Any CPU.Build.0 = Debug|Any CPU
		{7BF56337-3753-4EE2-A08B-27599BAA104E}.Release|Any CPU.ActiveCfg = Release|Any CPU
		{7BF56337-3753-4EE2-A08B-27599BAA104E}.Release|Any CPU.Build.0 = Release|Any CPU
	EndGlobalSection
	GlobalSection(SolutionProperties) = preSolution
		HideSolutionNode = FALSE
	EndGlobalSection
	GlobalSection(ExtensibilityGlobals) = postSolution
		SolutionGuid = {374048A0-3287-4A25-AE29-2EA7FC0267C5}
	EndGlobalSection
EndGlobal
